
Microsoft Visual Studio Solution File, Format Version 12.00
# Visual Studio Version 17
VisualStudioVersion = 17.5.002.0
MinimumVisualStudioVersion = 10.0.40219.1
Project("{2150E333-8FDC-42A3-9474-1A3956D46DE8}") = "rpi-rgb-led-matrix", "rpi-rgb-led-matrix", "{BCD8F9CB-0DFF-4BB5-8E52-11637E76E640}"
EndProject
Project("{2150E333-8FDC-42A3-9474-1A3956D46DE8}") = "bindings", "bindings", "{8A49B958-8E89-4B52-9B2D-73DD9F92D689}"
EndProject
Project("{9A19103F-16F7-4668-BE54-9A1E7A4F7556}") = "RPiRgbLEDMatrix", "rpi-rgb-led-matrix\bindings\c#\RPiRgbLEDMatrix.csproj", "{A9C45B00-75CE-4F08-BFA8-EF30004373FB}"
EndProject
Project("{2150E333-8FDC-42A3-9474-1A3956D46DE8}") = "rpi-rgb-led-matrix-a3eea997a9254b83ab2de97ae80d83588f696387", "rpi-rgb-led-matrix-a3eea997a9254b83ab2de97ae80d83588f696387", "{7CA8CEC0-A776-4580-829A-F9333925AF96}"
EndProject
Project("{2150E333-8FDC-42A3-9474-1A3956D46DE8}") = "bindings", "bindings", "{DB58112F-745F-4C9F-98D3-4AC699C0E577}"
EndProject
Project("{9A19103F-16F7-4668-BE54-9A1E7A4F7556}") = "RPiRgbLEDMatrix", "rpi-rgb-led-matrix\rpi-rgb-led-matrix-a3eea997a9254b83ab2de97ae80d83588f696387\bindings\c#\RPiRgbLEDMatrix.csproj", "{26BCD3A8-CDC1-47D8-A854-611DAB0830F2}"
EndProject
Project("{2150E333-8FDC-42A3-9474-1A3956D46DE8}") = "c#", "c#", "{75D7ABAA-F460-4A2E-AE9D-744962B2C586}"
EndProject
Project("{2150E333-8FDC-42A3-9474-1A3956D46DE8}") = "examples", "examples", "{5AE7745D-1EDC-4646-99D0-3E2CDAEC6176}"
EndProject
Project("{9A19103F-16F7-4668-BE54-9A1E7A4F7556}") = "FontExample", "rpi-rgb-led-matrix\bindings\c#\examples\FontExample\FontExample.csproj", "{51474460-75CD-4321-80BC-46F66DEBF261}"
EndProject
Project("{9A19103F-16F7-4668-BE54-9A1E7A4F7556}") = "MatrixRain", "rpi-rgb-led-matrix\bindings\c#\examples\MatrixRain\MatrixRain.csproj", "{A6A15605-ADBD-4150-99D7-F4769A2940EB}"
EndProject
Project("{9A19103F-16F7-4668-BE54-9A1E7A4F7556}") = "MinimalExample", "rpi-rgb-led-matrix\bindings\c#\examples\MinimalExample\MinimalExample.csproj", "{FED78A8D-3664-434F-92A8-7C9611911DC9}"
EndProject
Project("{9A19103F-16F7-4668-BE54-9A1E7A4F7556}") = "PlayGIF", "rpi-rgb-led-matrix\bindings\c#\examples\PlayGIF\PlayGIF.csproj", "{96B43F57-80A2-4F7B-A3CF-40A2D0A93FDB}"
EndProject
Project("{9A19103F-16F7-4668-BE54-9A1E7A4F7556}") = "PulsingBrightness", "rpi-rgb-led-matrix\bindings\c#\examples\PulsingBrightness\PulsingBrightness.csproj", "{3F6FC65B-4756-4751-9DB4-268B4F608AF2}"
EndProject
Project("{9A19103F-16F7-4668-BE54-9A1E7A4F7556}") = "Rotating3DCube", "rpi-rgb-led-matrix\bindings\c#\examples\Rotating3DCube\Rotating3DCube.csproj", "{6EDC79CE-44E8-4088-BC0A-43323C645EF7}"
EndProject
Project("{2150E333-8FDC-42A3-9474-1A3956D46DE8}") = "c#", "c#", "{475CA5C9-B013-4B7B-9521-9F96C9CFC44F}"
EndProject
Project("{2150E333-8FDC-42A3-9474-1A3956D46DE8}") = "examples", "examples", "{9EE64997-2231-4681-899E-A17928FE8C6C}"
EndProject
Project("{9A19103F-16F7-4668-BE54-9A1E7A4F7556}") = "FontExample", "rpi-rgb-led-matrix\rpi-rgb-led-matrix-a3eea997a9254b83ab2de97ae80d83588f696387\bindings\c#\examples\FontExample\FontExample.csproj", "{51A4D5A0-7CCC-42D5-A848-E7A6A41C7266}"
EndProject
Project("{9A19103F-16F7-4668-BE54-9A1E7A4F7556}") = "MatrixRain", "rpi-rgb-led-matrix\rpi-rgb-led-matrix-a3eea997a9254b83ab2de97ae80d83588f696387\bindings\c#\examples\MatrixRain\MatrixRain.csproj", "{6ACE1C94-EA67-4BCE-B44F-513691DA1CF4}"
EndProject
Project("{9A19103F-16F7-4668-BE54-9A1E7A4F7556}") = "MinimalExample", "rpi-rgb-led-matrix\rpi-rgb-led-matrix-a3eea997a9254b83ab2de97ae80d83588f696387\bindings\c#\examples\MinimalExample\MinimalExample.csproj", "{3DB011B9-84D7-478B-A861-E6A211FD6131}"
EndProject
Project("{9A19103F-16F7-4668-BE54-9A1E7A4F7556}") = "PlayGIF", "rpi-rgb-led-matrix\rpi-rgb-led-matrix-a3eea997a9254b83ab2de97ae80d83588f696387\bindings\c#\examples\PlayGIF\PlayGIF.csproj", "{2A8D65E6-9A1A-4379-8608-B86E28B1D4E7}"
EndProject
Project("{9A19103F-16F7-4668-BE54-9A1E7A4F7556}") = "PulsingBrightness", "rpi-rgb-led-matrix\rpi-rgb-led-matrix-a3eea997a9254b83ab2de97ae80d83588f696387\bindings\c#\examples\PulsingBrightness\PulsingBrightness.csproj", "{46C5E611-06BE-42A8-9D4C-97925A01DDF6}"
EndProject
Project("{9A19103F-16F7-4668-BE54-9A1E7A4F7556}") = "Rotating3DCube", "rpi-rgb-led-matrix\rpi-rgb-led-matrix-a3eea997a9254b83ab2de97ae80d83588f696387\bindings\c#\examples\Rotating3DCube\Rotating3DCube.csproj", "{C637C99D-1ABF-4229-8470-4359691BBB44}"
EndProject
Global
	GlobalSection(SolutionConfigurationPlatforms) = preSolution
		Debug|Any CPU = Debug|Any CPU
		Release|Any CPU = Release|Any CPU
	EndGlobalSection
	GlobalSection(ProjectConfigurationPlatforms) = postSolution
		{A9C45B00-75CE-4F08-BFA8-EF30004373FB}.Debug|Any CPU.ActiveCfg = Debug|Any CPU
		{A9C45B00-75CE-4F08-BFA8-EF30004373FB}.Debug|Any CPU.Build.0 = Debug|Any CPU
		{A9C45B00-75CE-4F08-BFA8-EF30004373FB}.Release|Any CPU.ActiveCfg = Release|Any CPU
		{A9C45B00-75CE-4F08-BFA8-EF30004373FB}.Release|Any CPU.Build.0 = Release|Any CPU
		{26BCD3A8-CDC1-47D8-A854-611DAB0830F2}.Debug|Any CPU.ActiveCfg = Debug|Any CPU
		{26BCD3A8-CDC1-47D8-A854-611DAB0830F2}.Debug|Any CPU.Build.0 = Debug|Any CPU
		{26BCD3A8-CDC1-47D8-A854-611DAB0830F2}.Release|Any CPU.ActiveCfg = Release|Any CPU
		{26BCD3A8-CDC1-47D8-A854-611DAB0830F2}.Release|Any CPU.Build.0 = Release|Any CPU
		{51474460-75CD-4321-80BC-46F66DEBF261}.Debug|Any CPU.ActiveCfg = Debug|Any CPU
		{51474460-75CD-4321-80BC-46F66DEBF261}.Debug|Any CPU.Build.0 = Debug|Any CPU
		{51474460-75CD-4321-80BC-46F66DEBF261}.Release|Any CPU.ActiveCfg = Release|Any CPU
		{51474460-75CD-4321-80BC-46F66DEBF261}.Release|Any CPU.Build.0 = Release|Any CPU
		{A6A15605-ADBD-4150-99D7-F4769A2940EB}.Debug|Any CPU.ActiveCfg = Debug|Any CPU
		{A6A15605-ADBD-4150-99D7-F4769A2940EB}.Debug|Any CPU.Build.0 = Debug|Any CPU
		{A6A15605-ADBD-4150-99D7-F4769A2940EB}.Release|Any CPU.ActiveCfg = Release|Any CPU
		{A6A15605-ADBD-4150-99D7-F4769A2940EB}.Release|Any CPU.Build.0 = Release|Any CPU
		{FED78A8D-3664-434F-92A8-7C9611911DC9}.Debug|Any CPU.ActiveCfg = Debug|Any CPU
		{FED78A8D-3664-434F-92A8-7C9611911DC9}.Debug|Any CPU.Build.0 = Debug|Any CPU
		{FED78A8D-3664-434F-92A8-7C9611911DC9}.Release|Any CPU.ActiveCfg = Release|Any CPU
		{FED78A8D-3664-434F-92A8-7C9611911DC9}.Release|Any CPU.Build.0 = Release|Any CPU
		{96B43F57-80A2-4F7B-A3CF-40A2D0A93FDB}.Debug|Any CPU.ActiveCfg = Debug|Any CPU
		{96B43F57-80A2-4F7B-A3CF-40A2D0A93FDB}.Debug|Any CPU.Build.0 = Debug|Any CPU
		{96B43F57-80A2-4F7B-A3CF-40A2D0A93FDB}.Release|Any CPU.ActiveCfg = Release|Any CPU
		{96B43F57-80A2-4F7B-A3CF-40A2D0A93FDB}.Release|Any CPU.Build.0 = Release|Any CPU
		{3F6FC65B-4756-4751-9DB4-268B4F608AF2}.Debug|Any CPU.ActiveCfg = Debug|Any CPU
		{3F6FC65B-4756-4751-9DB4-268B4F608AF2}.Debug|Any CPU.Build.0 = Debug|Any CPU
		{3F6FC65B-4756-4751-9DB4-268B4F608AF2}.Release|Any CPU.ActiveCfg = Release|Any CPU
		{3F6FC65B-4756-4751-9DB4-268B4F608AF2}.Release|Any CPU.Build.0 = Release|Any CPU
		{6EDC79CE-44E8-4088-BC0A-43323C645EF7}.Debug|Any CPU.ActiveCfg = Debug|Any CPU
		{6EDC79CE-44E8-4088-BC0A-43323C645EF7}.Debug|Any CPU.Build.0 = Debug|Any CPU
		{6EDC79CE-44E8-4088-BC0A-43323C645EF7}.Release|Any CPU.ActiveCfg = Release|Any CPU
		{6EDC79CE-44E8-4088-BC0A-43323C645EF7}.Release|Any CPU.Build.0 = Release|Any CPU
		{51A4D5A0-7CCC-42D5-A848-E7A6A41C7266}.Debug|Any CPU.ActiveCfg = Debug|Any CPU
		{51A4D5A0-7CCC-42D5-A848-E7A6A41C7266}.Debug|Any CPU.Build.0 = Debug|Any CPU
		{51A4D5A0-7CCC-42D5-A848-E7A6A41C7266}.Release|Any CPU.ActiveCfg = Release|Any CPU
		{51A4D5A0-7CCC-42D5-A848-E7A6A41C7266}.Release|Any CPU.Build.0 = Release|Any CPU
		{6ACE1C94-EA67-4BCE-B44F-513691DA1CF4}.Debug|Any CPU.ActiveCfg = Debug|Any CPU
		{6ACE1C94-EA67-4BCE-B44F-513691DA1CF4}.Debug|Any CPU.Build.0 = Debug|Any CPU
		{6ACE1C94-EA67-4BCE-B44F-513691DA1CF4}.Release|Any CPU.ActiveCfg = Release|Any CPU
		{6ACE1C94-EA67-4BCE-B44F-513691DA1CF4}.Release|Any CPU.Build.0 = Release|Any CPU
		{3DB011B9-84D7-478B-A861-E6A211FD6131}.Debug|Any CPU.ActiveCfg = Debug|Any CPU
		{3DB011B9-84D7-478B-A861-E6A211FD6131}.Debug|Any CPU.Build.0 = Debug|Any CPU
		{3DB011B9-84D7-478B-A861-E6A211FD6131}.Release|Any CPU.ActiveCfg = Release|Any CPU
		{3DB011B9-84D7-478B-A861-E6A211FD6131}.Release|Any CPU.Build.0 = Release|Any CPU
		{2A8D65E6-9A1A-4379-8608-B86E28B1D4E7}.Debug|Any CPU.ActiveCfg = Debug|Any CPU
		{2A8D65E6-9A1A-4379-8608-B86E28B1D4E7}.Debug|Any CPU.Build.0 = Debug|Any CPU
		{2A8D65E6-9A1A-4379-8608-B86E28B1D4E7}.Release|Any CPU.ActiveCfg = Release|Any CPU
		{2A8D65E6-9A1A-4379-8608-B86E28B1D4E7}.Release|Any CPU.Build.0 = Release|Any CPU
		{46C5E611-06BE-42A8-9D4C-97925A01DDF6}.Debug|Any CPU.ActiveCfg = Debug|Any CPU
		{46C5E611-06BE-42A8-9D4C-97925A01DDF6}.Debug|Any CPU.Build.0 = Debug|Any CPU
		{46C5E611-06BE-42A8-9D4C-97925A01DDF6}.Release|Any CPU.ActiveCfg = Release|Any CPU
		{46C5E611-06BE-42A8-9D4C-97925A01DDF6}.Release|Any CPU.Build.0 = Release|Any CPU
		{C637C99D-1ABF-4229-8470-4359691BBB44}.Debug|Any CPU.ActiveCfg = Debug|Any CPU
		{C637C99D-1ABF-4229-8470-4359691BBB44}.Debug|Any CPU.Build.0 = Debug|Any CPU
		{C637C99D-1ABF-4229-8470-4359691BBB44}.Release|Any CPU.ActiveCfg = Release|Any CPU
		{C637C99D-1ABF-4229-8470-4359691BBB44}.Release|Any CPU.Build.0 = Release|Any CPU
	EndGlobalSection
	GlobalSection(SolutionProperties) = preSolution
		HideSolutionNode = FALSE
	EndGlobalSection
	GlobalSection(NestedProjects) = preSolution
		{8A49B958-8E89-4B52-9B2D-73DD9F92D689} = {BCD8F9CB-0DFF-4BB5-8E52-11637E76E640}
		{A9C45B00-75CE-4F08-BFA8-EF30004373FB} = {8A49B958-8E89-4B52-9B2D-73DD9F92D689}
		{7CA8CEC0-A776-4580-829A-F9333925AF96} = {BCD8F9CB-0DFF-4BB5-8E52-11637E76E640}
		{DB58112F-745F-4C9F-98D3-4AC699C0E577} = {7CA8CEC0-A776-4580-829A-F9333925AF96}
		{26BCD3A8-CDC1-47D8-A854-611DAB0830F2} = {DB58112F-745F-4C9F-98D3-4AC699C0E577}
		{75D7ABAA-F460-4A2E-AE9D-744962B2C586} = {8A49B958-8E89-4B52-9B2D-73DD9F92D689}
		{5AE7745D-1EDC-4646-99D0-3E2CDAEC6176} = {75D7ABAA-F460-4A2E-AE9D-744962B2C586}
		{51474460-75CD-4321-80BC-46F66DEBF261} = {5AE7745D-1EDC-4646-99D0-3E2CDAEC6176}
		{A6A15605-ADBD-4150-99D7-F4769A2940EB} = {5AE7745D-1EDC-4646-99D0-3E2CDAEC6176}
		{FED78A8D-3664-434F-92A8-7C9611911DC9} = {5AE7745D-1EDC-4646-99D0-3E2CDAEC6176}
		{96B43F57-80A2-4F7B-A3CF-40A2D0A93FDB} = {5AE7745D-1EDC-4646-99D0-3E2CDAEC6176}
		{3F6FC65B-4756-4751-9DB4-268B4F608AF2} = {5AE7745D-1EDC-4646-99D0-3E2CDAEC6176}
		{6EDC79CE-44E8-4088-BC0A-43323C645EF7} = {5AE7745D-1EDC-4646-99D0-3E2CDAEC6176}
		{475CA5C9-B013-4B7B-9521-9F96C9CFC44F} = {DB58112F-745F-4C9F-98D3-4AC699C0E577}
		{9EE64997-2231-4681-899E-A17928FE8C6C} = {475CA5C9-B013-4B7B-9521-9F96C9CFC44F}
		{51A4D5A0-7CCC-42D5-A848-E7A6A41C7266} = {9EE64997-2231-4681-899E-A17928FE8C6C}
		{6ACE1C94-EA67-4BCE-B44F-513691DA1CF4} = {9EE64997-2231-4681-899E-A17928FE8C6C}
		{3DB011B9-84D7-478B-A861-E6A211FD6131} = {9EE64997-2231-4681-899E-A17928FE8C6C}
		{2A8D65E6-9A1A-4379-8608-B86E28B1D4E7} = {9EE64997-2231-4681-899E-A17928FE8C6C}
		{46C5E611-06BE-42A8-9D4C-97925A01DDF6} = {9EE64997-2231-4681-899E-A17928FE8C6C}
		{C637C99D-1ABF-4229-8470-4359691BBB44} = {9EE64997-2231-4681-899E-A17928FE8C6C}
	EndGlobalSection
	GlobalSection(ExtensibilityGlobals) = postSolution
		SolutionGuid = {75358579-CF9D-4B0E-9C47-5FD7543FE6B0}
	EndGlobalSection
EndGlobal
